
Microsoft Visual Studio Solution File, Format Version 12.00
# Visual Studio Version 17
VisualStudioVersion = 17.4.33110.190
MinimumVisualStudioVersion = 10.0.40219.1
Project("{FAE04EC0-301F-11D3-BF4B-00C04F79EFBC}") = "UP 5.1 Console", "UP 5.1 Console\UP 5.1 Console.csproj", "{796A20D1-A5AA-469C-A1FE-B1101B6EEFEB}"
EndProject
Global
	GlobalSection(SolutionConfigurationPlatforms) = preSolution
		Debug|Any CPU = Debug|Any CPU
		Release|Any CPU = Release|Any CPU
	EndGlobalSection
	GlobalSection(ProjectConfigurationPlatforms) = postSolution
		{796A20D1-A5AA-469C-A1FE-B1101B6EEFEB}.Debug|Any CPU.ActiveCfg = Debug|Any CPU
		{796A20D1-A5AA-469C-A1FE-B1101B6EEFEB}.Debug|Any CPU.Build.0 = Debug|Any CPU
		{796A20D1-A5AA-469C-A1FE-B1101B6EEFEB}.Release|Any CPU.ActiveCfg = Release|Any CPU
		{796A20D1-A5AA-469C-A1FE-B1101B6EEFEB}.Release|Any CPU.Build.0 = Release|Any CPU
	EndGlobalSection
	GlobalSection(SolutionProperties) = preSolution
		HideSolutionNode = FALSE
	EndGlobalSection
	GlobalSection(ExtensibilityGlobals) = postSolution
		SolutionGuid = {18E8DFF2-4EBB-47D7-8AE4-3E4648CC023E}
	EndGlobalSection
EndGlobal
